
Microsoft Visual Studio Solution File, Format Version 12.00
# Visual Studio Version 16
VisualStudioVersion = 16.0.29728.190
MinimumVisualStudioVersion = 10.0.40219.1
Project("{9A19103F-16F7-4668-BE54-9A1E7A4F7556}") = "ListMmf", "ListMmf\ListMmf.csproj", "{BB31E736-423A-48A0-9220-DFE5A69B1BB9}"
EndProject
Project("{9A19103F-16F7-4668-BE54-9A1E7A4F7556}") = "ListMmfTests", "ListMmfTests\ListMmfTests.csproj", "{0180EDFC-CE3F-44BD-91AC-6EDD91E2518C}"
EndProject
Project("{2150E333-8FDC-42A3-9474-1A3956D46DE8}") = "SolutionFolder", "SolutionFolder", "{9BF22147-ECCD-412B-85BB-C9FE8DD13D49}"
	ProjectSection(SolutionItems) = preProject
		..\LICENSE.txt = ..\LICENSE.txt
		..\README.md = ..\README.md
	EndProjectSection
EndProject
Project("{9A19103F-16F7-4668-BE54-9A1E7A4F7556}") = "ListMmfBenchmarks", "ListMmfBenchmarks\ListMmfBenchmarks.csproj", "{01364697-65E7-4654-B04C-00E50D9EC6C3}"
EndProject
Project("{2150E333-8FDC-42A3-9474-1A3956D46DE8}") = "Solution Items", "Solution Items", "{95DB084F-D6C0-4BAE-93F3-54EAD663C2C6}"
	ProjectSection(SolutionItems) = preProject
		.editorconfig = .editorconfig
	EndProjectSection
EndProject
Global
	GlobalSection(SolutionConfigurationPlatforms) = preSolution
		Debug|Any CPU = Debug|Any CPU
		Release|Any CPU = Release|Any CPU
	EndGlobalSection
	GlobalSection(ProjectConfigurationPlatforms) = postSolution
		{BB31E736-423A-48A0-9220-DFE5A69B1BB9}.Debug|Any CPU.ActiveCfg = Debug|Any CPU
		{BB31E736-423A-48A0-9220-DFE5A69B1BB9}.Debug|Any CPU.Build.0 = Debug|Any CPU
		{BB31E736-423A-48A0-9220-DFE5A69B1BB9}.Release|Any CPU.ActiveCfg = Release|Any CPU
		{BB31E736-423A-48A0-9220-DFE5A69B1BB9}.Release|Any CPU.Build.0 = Release|Any CPU
		{0180EDFC-CE3F-44BD-91AC-6EDD91E2518C}.Debug|Any CPU.ActiveCfg = Debug|Any CPU
		{0180EDFC-CE3F-44BD-91AC-6EDD91E2518C}.Debug|Any CPU.Build.0 = Debug|Any CPU
		{0180EDFC-CE3F-44BD-91AC-6EDD91E2518C}.Release|Any CPU.ActiveCfg = Release|Any CPU
		{0180EDFC-CE3F-44BD-91AC-6EDD91E2518C}.Release|Any CPU.Build.0 = Release|Any CPU
		{01364697-65E7-4654-B04C-00E50D9EC6C3}.Debug|Any CPU.ActiveCfg = Debug|Any CPU
		{01364697-65E7-4654-B04C-00E50D9EC6C3}.Debug|Any CPU.Build.0 = Debug|Any CPU
		{01364697-65E7-4654-B04C-00E50D9EC6C3}.Release|Any CPU.ActiveCfg = Release|Any CPU
		{01364697-65E7-4654-B04C-00E50D9EC6C3}.Release|Any CPU.Build.0 = Release|Any CPU
	EndGlobalSection
	GlobalSection(SolutionProperties) = preSolution
		HideSolutionNode = FALSE
	EndGlobalSection
	GlobalSection(ExtensibilityGlobals) = postSolution
		SolutionGuid = {AEDFD127-1F0E-4E62-8049-3A61A1F69038}
	EndGlobalSection
EndGlobal
